
Microsoft Visual Studio Solution File, Format Version 12.00
# Visual Studio 15
VisualStudioVersion = 15.0.28307.757
MinimumVisualStudioVersion = 10.0.40219.1
Project("{9092AA53-FB77-4645-B42D-1CCCA6BD08BD}") = "IexTradingDemo", "IexTradingDemo\IexTradingDemo.njsproj", "{E06366F8-49FE-4A7C-BC64-8B51FD72FD7E}"
EndProject
Global
	GlobalSection(SolutionConfigurationPlatforms) = preSolution
		Debug|Any CPU = Debug|Any CPU
		Release|Any CPU = Release|Any CPU
	EndGlobalSection
	GlobalSection(ProjectConfigurationPlatforms) = postSolution
		{E06366F8-49FE-4A7C-BC64-8B51FD72FD7E}.Debug|Any CPU.ActiveCfg = Debug|Any CPU
		{E06366F8-49FE-4A7C-BC64-8B51FD72FD7E}.Debug|Any CPU.Build.0 = Debug|Any CPU
		{E06366F8-49FE-4A7C-BC64-8B51FD72FD7E}.Release|Any CPU.ActiveCfg = Release|Any CPU
		{E06366F8-49FE-4A7C-BC64-8B51FD72FD7E}.Release|Any CPU.Build.0 = Release|Any CPU
	EndGlobalSection
	GlobalSection(SolutionProperties) = preSolution
		HideSolutionNode = FALSE
	EndGlobalSection
	GlobalSection(ExtensibilityGlobals) = postSolution
		SolutionGuid = {80D63C8B-BB00-47C4-B0A7-AE477F05EB87}
	EndGlobalSection
EndGlobal
